
Microsoft Visual Studio Solution File, Format Version 12.00
# Visual Studio Version 17
VisualStudioVersion = 17.5.001.0
MinimumVisualStudioVersion = 10.0.40219.1
Project("{9A19103F-16F7-4668-BE54-9A1E7A4F7556}") = "LCTT.Server", "LCTT.Server.csproj", "{7824135F-4B0F-401B-8BE1-C2A88A27A9DE}"
EndProject
Global
	GlobalSection(SolutionConfigurationPlatforms) = preSolution
		Debug|Any CPU = Debug|Any CPU
		Release|Any CPU = Release|Any CPU
	EndGlobalSection
	GlobalSection(ProjectConfigurationPlatforms) = postSolution
		{7824135F-4B0F-401B-8BE1-C2A88A27A9DE}.Debug|Any CPU.ActiveCfg = Debug|Any CPU
		{7824135F-4B0F-401B-8BE1-C2A88A27A9DE}.Debug|Any CPU.Build.0 = Debug|Any CPU
		{7824135F-4B0F-401B-8BE1-C2A88A27A9DE}.Release|Any CPU.ActiveCfg = Release|Any CPU
		{7824135F-4B0F-401B-8BE1-C2A88A27A9DE}.Release|Any CPU.Build.0 = Release|Any CPU
	EndGlobalSection
	GlobalSection(SolutionProperties) = preSolution
		HideSolutionNode = FALSE
	EndGlobalSection
	GlobalSection(ExtensibilityGlobals) = postSolution
		SolutionGuid = {524DA70C-0517-4E6E-ADC2-D48CC5314A6F}
	EndGlobalSection
EndGlobal
